
Microsoft Visual Studio Solution File, Format Version 12.00
# Visual Studio 15
VisualStudioVersion = 15.0.27130.2010
MinimumVisualStudioVersion = 10.0.40219.1
Project("{FAE04EC0-301F-11D3-BF4B-00C04F79EFBC}") = "Array Implementation of Queue", "Array Implementation of Queue\Array Implementation of Queue.csproj", "{376D2BF0-C4B9-4D5D-BFDB-B0556E8FD02C}"
EndProject
Global
	GlobalSection(SolutionConfigurationPlatforms) = preSolution
		Debug|Any CPU = Debug|Any CPU
		Release|Any CPU = Release|Any CPU
	EndGlobalSection
	GlobalSection(ProjectConfigurationPlatforms) = postSolution
		{376D2BF0-C4B9-4D5D-BFDB-B0556E8FD02C}.Debug|Any CPU.ActiveCfg = Debug|Any CPU
		{376D2BF0-C4B9-4D5D-BFDB-B0556E8FD02C}.Debug|Any CPU.Build.0 = Debug|Any CPU
		{376D2BF0-C4B9-4D5D-BFDB-B0556E8FD02C}.Release|Any CPU.ActiveCfg = Release|Any CPU
		{376D2BF0-C4B9-4D5D-BFDB-B0556E8FD02C}.Release|Any CPU.Build.0 = Release|Any CPU
	EndGlobalSection
	GlobalSection(SolutionProperties) = preSolution
		HideSolutionNode = FALSE
	EndGlobalSection
	GlobalSection(ExtensibilityGlobals) = postSolution
		SolutionGuid = {3247937A-486E-4EB8-AA2F-539472F8CAE7}
	EndGlobalSection
EndGlobal
