
Microsoft Visual Studio Solution File, Format Version 12.00
# Visual Studio 15
VisualStudioVersion = 15.0.28010.2048
MinimumVisualStudioVersion = 10.0.40219.1
Project("{FAE04EC0-301F-11D3-BF4B-00C04F79EFBC}") = "Fibo with memoization", "Fibo with memoization\Fibo with memoization.csproj", "{975B4F84-943A-4996-AD36-4A23F6936F53}"
EndProject
Global
	GlobalSection(SolutionConfigurationPlatforms) = preSolution
		Debug|Any CPU = Debug|Any CPU
		Release|Any CPU = Release|Any CPU
	EndGlobalSection
	GlobalSection(ProjectConfigurationPlatforms) = postSolution
		{975B4F84-943A-4996-AD36-4A23F6936F53}.Debug|Any CPU.ActiveCfg = Debug|Any CPU
		{975B4F84-943A-4996-AD36-4A23F6936F53}.Debug|Any CPU.Build.0 = Debug|Any CPU
		{975B4F84-943A-4996-AD36-4A23F6936F53}.Release|Any CPU.ActiveCfg = Release|Any CPU
		{975B4F84-943A-4996-AD36-4A23F6936F53}.Release|Any CPU.Build.0 = Release|Any CPU
	EndGlobalSection
	GlobalSection(SolutionProperties) = preSolution
		HideSolutionNode = FALSE
	EndGlobalSection
	GlobalSection(ExtensibilityGlobals) = postSolution
		SolutionGuid = {1E20AC9C-9617-4074-B662-303A46A9BE96}
	EndGlobalSection
EndGlobal
