
Microsoft Visual Studio Solution File, Format Version 12.00
# Visual Studio 15
VisualStudioVersion = 15.0.27130.2010
MinimumVisualStudioVersion = 10.0.40219.1
Project("{FAE04EC0-301F-11D3-BF4B-00C04F79EFBC}") = "Binary Search using Iteration", "Binary Search using Iteration\Binary Search using Iteration.csproj", "{36E3BF2F-2771-41CC-B681-D8B439381B44}"
EndProject
Global
	GlobalSection(SolutionConfigurationPlatforms) = preSolution
		Debug|Any CPU = Debug|Any CPU
		Release|Any CPU = Release|Any CPU
	EndGlobalSection
	GlobalSection(ProjectConfigurationPlatforms) = postSolution
		{36E3BF2F-2771-41CC-B681-D8B439381B44}.Debug|Any CPU.ActiveCfg = Debug|Any CPU
		{36E3BF2F-2771-41CC-B681-D8B439381B44}.Debug|Any CPU.Build.0 = Debug|Any CPU
		{36E3BF2F-2771-41CC-B681-D8B439381B44}.Release|Any CPU.ActiveCfg = Release|Any CPU
		{36E3BF2F-2771-41CC-B681-D8B439381B44}.Release|Any CPU.Build.0 = Release|Any CPU
	EndGlobalSection
	GlobalSection(SolutionProperties) = preSolution
		HideSolutionNode = FALSE
	EndGlobalSection
	GlobalSection(ExtensibilityGlobals) = postSolution
		SolutionGuid = {95AA6196-A770-40F4-96D0-32B940A95441}
	EndGlobalSection
EndGlobal
